
Microsoft Visual Studio Solution File, Format Version 12.00
# Visual Studio Version 16
VisualStudioVersion = 16.0.28803.352
MinimumVisualStudioVersion = 10.0.40219.1
Project("{FAE04EC0-301F-11D3-BF4B-00C04F79EFBC}") = "ArmorSearchForm", "ArmorSearchForm\ArmorSearchForm.csproj", "{23BD33CE-3582-4BCC-A64D-A8741D9E2EB1}"
EndProject
Project("{FAE04EC0-301F-11D3-BF4B-00C04F79EFBC}") = "ArmorDBModel", "ArmorDBModel\ArmorDBModel.csproj", "{0BB53AFF-1AC3-4E83-9616-209CE8B29011}"
EndProject
Global
	GlobalSection(SolutionConfigurationPlatforms) = preSolution
		Debug|Any CPU = Debug|Any CPU
		Release|Any CPU = Release|Any CPU
	EndGlobalSection
	GlobalSection(ProjectConfigurationPlatforms) = postSolution
		{23BD33CE-3582-4BCC-A64D-A8741D9E2EB1}.Debug|Any CPU.ActiveCfg = Debug|Any CPU
		{23BD33CE-3582-4BCC-A64D-A8741D9E2EB1}.Debug|Any CPU.Build.0 = Debug|Any CPU
		{23BD33CE-3582-4BCC-A64D-A8741D9E2EB1}.Release|Any CPU.ActiveCfg = Release|Any CPU
		{23BD33CE-3582-4BCC-A64D-A8741D9E2EB1}.Release|Any CPU.Build.0 = Release|Any CPU
		{0BB53AFF-1AC3-4E83-9616-209CE8B29011}.Debug|Any CPU.ActiveCfg = Debug|Any CPU
		{0BB53AFF-1AC3-4E83-9616-209CE8B29011}.Debug|Any CPU.Build.0 = Debug|Any CPU
		{0BB53AFF-1AC3-4E83-9616-209CE8B29011}.Release|Any CPU.ActiveCfg = Release|Any CPU
		{0BB53AFF-1AC3-4E83-9616-209CE8B29011}.Release|Any CPU.Build.0 = Release|Any CPU
	EndGlobalSection
	GlobalSection(SolutionProperties) = preSolution
		HideSolutionNode = FALSE
	EndGlobalSection
	GlobalSection(ExtensibilityGlobals) = postSolution
		SolutionGuid = {66931080-F52F-4BAA-8559-2EA38208DEBC}
	EndGlobalSection
EndGlobal
